// !$*UTF8*$!
{
	archiveVersion = 1;
	classes = {
	};
	objectVersion = 46;
	objects = {

/* Begin PBXBuildFile section */
		619537541B3C4C8500390AAE /* AppDelegate.swift in Sources */ = {isa = PBXBuildFile; fileRef = 619537531B3C4C8500390AAE /* AppDelegate.swift */; };
		619537561B3C4C8500390AAE /* RootViewController.swift in Sources */ = {isa = PBXBuildFile; fileRef = 619537551B3C4C8500390AAE /* RootViewController.swift */; };
		619537581B3C4C8500390AAE /* DataViewController.swift in Sources */ = {isa = PBXBuildFile; fileRef = 619537571B3C4C8500390AAE /* DataViewController.swift */; };
		6195375A1B3C4C8500390AAE /* ModelController.swift in Sources */ = {isa = PBXBuildFile; fileRef = 619537591B3C4C8500390AAE /* ModelController.swift */; };
		6195375D1B3C4C8500390AAE /* Main.storyboard in Resources */ = {isa = PBXBuildFile; fileRef = 6195375B1B3C4C8500390AAE /* Main.storyboard */; };
		6195375F1B3C4C8500390AAE /* Images.xcassets in Resources */ = {isa = PBXBuildFile; fileRef = 6195375E1B3C4C8500390AAE /* Images.xcassets */; };
		619537621B3C4C8500390AAE /* LaunchScreen.xib in Resources */ = {isa = PBXBuildFile; fileRef = 619537601B3C4C8500390AAE /* LaunchScreen.xib */; };
		6195376E1B3C4C8500390AAE /* PitcherTests.swift in Sources */ = {isa = PBXBuildFile; fileRef = 6195376D1B3C4C8500390AAE /* PitcherTests.swift */; };
/* End PBXBuildFile section */

/* Begin PBXContainerItemProxy section */
		619537681B3C4C8500390AAE /* PBXContainerItemProxy */ = {
			isa = PBXContainerItemProxy;
			containerPortal = 619537461B3C4C8500390AAE /* Project object */;
			proxyType = 1;
			remoteGlobalIDString = 6195374D1B3C4C8500390AAE;
			remoteInfo = Pitcher;
		};
/* End PBXContainerItemProxy section */

/* Begin PBXFileReference section */
		6195374E1B3C4C8500390AAE /* Pitcher.app */ = {isa = PBXFileReference; explicitFileType = wrapper.application; includeInIndex = 0; path = Pitcher.app; sourceTree = BUILT_PRODUCTS_DIR; };
		619537521B3C4C8500390AAE /* Info.plist */ = {isa = PBXFileReference; lastKnownFileType = text.plist.xml; path = Info.plist; sourceTree = "<group>"; };
		619537531B3C4C8500390AAE /* AppDelegate.swift */ = {isa = PBXFileReference; lastKnownFileType = sourcecode.swift; path = AppDelegate.swift; sourceTree = "<group>"; };
		619537551B3C4C8500390AAE /* RootViewController.swift */ = {isa = PBXFileReference; lastKnownFileType = sourcecode.swift; path = RootViewController.swift; sourceTree = "<group>"; };
		619537571B3C4C8500390AAE /* DataViewController.swift */ = {isa = PBXFileReference; lastKnownFileType = sourcecode.swift; path = DataViewController.swift; sourceTree = "<group>"; };
		619537591B3C4C8500390AAE /* ModelController.swift */ = {isa = PBXFileReference; lastKnownFileType = sourcecode.swift; path = ModelController.swift; sourceTree = "<group>"; };
		6195375C1B3C4C8500390AAE /* Base */ = {isa = PBXFileReference; lastKnownFileType = file.storyboard; name = Base; path = Base.lproj/Main.storyboard; sourceTree = "<group>"; };
		6195375E1B3C4C8500390AAE /* Images.xcassets */ = {isa = PBXFileReference; lastKnownFileType = folder.assetcatalog; path = Images.xcassets; sourceTree = "<group>"; };
		619537611B3C4C8500390AAE /* Base */ = {isa = PBXFileReference; lastKnownFileType = file.xib; name = Base; path = Base.lproj/LaunchScreen.xib; sourceTree = "<group>"; };
		619537671B3C4C8500390AAE /* PitcherTests.xctest */ = {isa = PBXFileReference; explicitFileType = wrapper.cfbundle; includeInIndex = 0; path = PitcherTests.xctest; sourceTree = BUILT_PRODUCTS_DIR; };
		6195376C1B3C4C8500390AAE /* Info.plist */ = {isa = PBXFileReference; lastKnownFileType = text.plist.xml; path = Info.plist; sourceTree = "<group>"; };
		6195376D1B3C4C8500390AAE /* PitcherTests.swift */ = {isa = PBXFileReference; lastKnownFileType = sourcecode.swift; path = PitcherTests.swift; sourceTree = "<group>"; };
/* End PBXFileReference section */

/* Begin PBXFrameworksBuildPhase section */
		6195374B1B3C4C8500390AAE /* Frameworks */ = {
			isa = PBXFrameworksBuildPhase;
			buildActionMask = 2147483647;
			files = (
			);
			runOnlyForDeploymentPostprocessing = 0;
		};
		619537641B3C4C8500390AAE /* Frameworks */ = {
			isa = PBXFrameworksBuildPhase;
			buildActionMask = 2147483647;
			files = (
			);
			runOnlyForDeploymentPostprocessing = 0;
		};
/* End PBXFrameworksBuildPhase section */

/* Begin PBXGroup section */
		619537451B3C4C8500390AAE = {
			isa = PBXGroup;
			children = (
				619537501B3C4C8500390AAE /* Pitcher */,
				6195376A1B3C4C8500390AAE /* PitcherTests */,
				6195374F1B3C4C8500390AAE /* Products */,
			);
			sourceTree = "<group>";
		};
		6195374F1B3C4C8500390AAE /* Products */ = {
			isa = PBXGroup;
			children = (
				6195374E1B3C4C8500390AAE /* Pitcher.app */,
				619537671B3C4C8500390AAE /* PitcherTests.xctest */,
			);
			name = Products;
			sourceTree = "<group>";
		};
		619537501B3C4C8500390AAE /* Pitcher */ = {
			isa = PBXGroup;
			children = (
				619537531B3C4C8500390AAE /* AppDelegate.swift */,
				619537551B3C4C8500390AAE /* RootViewController.swift */,
				619537571B3C4C8500390AAE /* DataViewController.swift */,
				619537591B3C4C8500390AAE /* ModelController.swift */,
				6195375B1B3C4C8500390AAE /* Main.storyboard */,
				6195375E1B3C4C8500390AAE /* Images.xcassets */,
				619537601B3C4C8500390AAE /* LaunchScreen.xib */,
				619537511B3C4C8500390AAE /* Supporting Files */,
			);
			path = Pitcher;
			sourceTree = "<group>";
		};
		619537511B3C4C8500390AAE /* Supporting Files */ = {
			isa = PBXGroup;
			children = (
				619537521B3C4C8500390AAE /* Info.plist */,
			);
			name = "Supporting Files";
			sourceTree = "<group>";
		};
		6195376A1B3C4C8500390AAE /* PitcherTests */ = {
			isa = PBXGroup;
			children = (
				6195376D1B3C4C8500390AAE /* PitcherTests.swift */,
				6195376B1B3C4C8500390AAE /* Supporting Files */,
			);
			path = PitcherTests;
			sourceTree = "<group>";
		};
		6195376B1B3C4C8500390AAE /* Supporting Files */ = {
			isa = PBXGroup;
			children = (
				6195376C1B3C4C8500390AAE /* Info.plist */,
			);
			name = "Supporting Files";
			sourceTree = "<group>";
		};
/* End PBXGroup section */

/* Begin PBXNativeTarget section */
		6195374D1B3C4C8500390AAE /* Pitcher */ = {
			isa = PBXNativeTarget;
			buildConfigurationList = 619537711B3C4C8500390AAE /* Build configuration list for PBXNativeTarget "Pitcher" */;
			buildPhases = (
				6195374A1B3C4C8500390AAE /* Sources */,
				6195374B1B3C4C8500390AAE /* Frameworks */,
				6195374C1B3C4C8500390AAE /* Resources */,
			);
			buildRules = (
			);
			dependencies = (
			);
			name = Pitcher;
			productName = Pitcher;
			productReference = 6195374E1B3C4C8500390AAE /* Pitcher.app */;
			productType = "com.apple.product-type.application";
		};
		619537661B3C4C8500390AAE /* PitcherTests */ = {
			isa = PBXNativeTarget;
			buildConfigurationList = 619537741B3C4C8500390AAE /* Build configuration list for PBXNativeTarget "PitcherTests" */;
			buildPhases = (
				619537631B3C4C8500390AAE /* Sources */,
				619537641B3C4C8500390AAE /* Frameworks */,
				619537651B3C4C8500390AAE /* Resources */,
			);
			buildRules = (
			);
			dependencies = (
				619537691B3C4C8500390AAE /* PBXTargetDependency */,
			);
			name = PitcherTests;
			productName = PitcherTests;
			productReference = 619537671B3C4C8500390AAE /* PitcherTests.xctest */;
			productType = "com.apple.product-type.bundle.unit-test";
		};
/* End PBXNativeTarget section */

/* Begin PBXProject section */
		619537461B3C4C8500390AAE /* Project object */ = {
			isa = PBXProject;
			attributes = {
				LastUpgradeCheck = 0630;
				ORGANIZATIONNAME = TreeCo;
				TargetAttributes = {
					6195374D1B3C4C8500390AAE = {
						CreatedOnToolsVersion = 6.3;
					};
					619537661B3C4C8500390AAE = {
						CreatedOnToolsVersion = 6.3;
						TestTargetID = 6195374D1B3C4C8500390AAE;
					};
				};
			};
			buildConfigurationList = 619537491B3C4C8500390AAE /* Build configuration list for PBXProject "Pitcher" */;
			compatibilityVersion = "Xcode 3.2";
			developmentRegion = English;
			hasScannedForEncodings = 0;
			knownRegions = (
				en,
				Base,
			);
			mainGroup = 619537451B3C4C8500390AAE;
			productRefGroup = 6195374F1B3C4C8500390AAE /* Products */;
			projectDirPath = "";
			projectRoot = "";
			targets = (
				6195374D1B3C4C8500390AAE /* Pitcher */,
				619537661B3C4C8500390AAE /* PitcherTests */,
			);
		};
/* End PBXProject section */

/* Begin PBXResourcesBuildPhase section */
		6195374C1B3C4C8500390AAE /* Resources */ = {
			isa = PBXResourcesBuildPhase;
			buildActionMask = 2147483647;
			files = (
				6195375D1B3C4C8500390AAE /* Main.storyboard in Resources */,
				619537621B3C4C8500390AAE /* LaunchScreen.xib in Resources */,
				6195375F1B3C4C8500390AAE /* Images.xcassets in Resources */,
			);
			runOnlyForDeploymentPostprocessing = 0;
		};
		619537651B3C4C8500390AAE /* Resources */ = {
			isa = PBXResourcesBuildPhase;
			buildActionMask = 2147483647;
			files = (
			);
			runOnlyForDeploymentPostprocessing = 0;
		};
/* End PBXResourcesBuildPhase section */

/* Begin PBXSourcesBuildPhase section */
		6195374A1B3C4C8500390AAE /* Sources */ = {
			isa = PBXSourcesBuildPhase;
			buildActionMask = 2147483647;
			files = (
				619537561B3C4C8500390AAE /* RootViewController.swift in Sources */,
				6195375A1B3C4C8500390AAE /* ModelController.swift in Sources */,
				619537581B3C4C8500390AAE /* DataViewController.swift in Sources */,
				619537541B3C4C8500390AAE /* AppDelegate.swift in Sources */,
			);
			runOnlyForDeploymentPostprocessing = 0;
		};
		619537631B3C4C8500390AAE /* Sources */ = {
			isa = PBXSourcesBuildPhase;
			buildActionMask = 2147483647;
			files = (
				6195376E1B3C4C8500390AAE /* PitcherTests.swift in Sources */,
			);
			runOnlyForDeploymentPostprocessing = 0;
		};
/* End PBXSourcesBuildPhase section */

/* Begin PBXTargetDependency section */
		619537691B3C4C8500390AAE /* PBXTargetDependency */ = {
			isa = PBXTargetDependency;
			target = 6195374D1B3C4C8500390AAE /* Pitcher */;
			targetProxy = 619537681B3C4C8500390AAE /* PBXContainerItemProxy */;
		};
/* End PBXTargetDependency section */

/* Begin PBXVariantGroup section */
		6195375B1B3C4C8500390AAE /* Main.storyboard */ = {
			isa = PBXVariantGroup;
			children = (
				6195375C1B3C4C8500390AAE /* Base */,
			);
			name = Main.storyboard;
			sourceTree = "<group>";
		};
		619537601B3C4C8500390AAE /* LaunchScreen.xib */ = {
			isa = PBXVariantGroup;
			children = (
				619537611B3C4C8500390AAE /* Base */,
			);
			name = LaunchScreen.xib;
			sourceTree = "<group>";
		};
/* End PBXVariantGroup section */

/* Begin XCBuildConfiguration section */
		6195376F1B3C4C8500390AAE /* Debug */ = {
			isa = XCBuildConfiguration;
			buildSettings = {
				ALWAYS_SEARCH_USER_PATHS = NO;
				CLANG_CXX_LANGUAGE_STANDARD = "gnu++0x";
				CLANG_CXX_LIBRARY = "libc++";
				CLANG_ENABLE_MODULES = YES;
				CLANG_ENABLE_OBJC_ARC = YES;
				CLANG_WARN_BOOL_CONVERSION = YES;
				CLANG_WARN_CONSTANT_CONVERSION = YES;
				CLANG_WARN_DIRECT_OBJC_ISA_USAGE = YES_ERROR;
				CLANG_WARN_EMPTY_BODY = YES;
				CLANG_WARN_ENUM_CONVERSION = YES;
				CLANG_WARN_INT_CONVERSION = YES;
				CLANG_WARN_OBJC_ROOT_CLASS = YES_ERROR;
				CLANG_WARN_UNREACHABLE_CODE = YES;
				CLANG_WARN__DUPLICATE_METHOD_MATCH = YES;
				"CODE_SIGN_IDENTITY[sdk=iphoneos*]" = "iPhone Developer";
				COPY_PHASE_STRIP = NO;
				DEBUG_INFORMATION_FORMAT = "dwarf-with-dsym";
				ENABLE_STRICT_OBJC_MSGSEND = YES;
				GCC_C_LANGUAGE_STANDARD = gnu99;
				GCC_DYNAMIC_NO_PIC = NO;
				GCC_NO_COMMON_BLOCKS = YES;
				GCC_OPTIMIZATION_LEVEL = 0;
				GCC_PREPROCESSOR_DEFINITIONS = (
					"DEBUG=1",
					"$(inherited)",
				);
				GCC_SYMBOLS_PRIVATE_EXTERN = NO;
				GCC_WARN_64_TO_32_BIT_CONVERSION = YES;
				GCC_WARN_ABOUT_RETURN_TYPE = YES_ERROR;
				GCC_WARN_UNDECLARED_SELECTOR = YES;
				GCC_WARN_UNINITIALIZED_AUTOS = YES_AGGRESSIVE;
				GCC_WARN_UNUSED_FUNCTION = YES;
				GCC_WARN_UNUSED_VARIABLE = YES;
				IPHONEOS_DEPLOYMENT_TARGET = 8.3;
				MTL_ENABLE_DEBUG_INFO = YES;
				ONLY_ACTIVE_ARCH = YES;
				SDKROOT = iphoneos;
				SWIFT_OPTIMIZATION_LEVEL = "-Onone";
				TARGETED_DEVICE_FAMILY = "1,2";
			};
			name = Debug;
		};
		619537701B3C4C8500390AAE /* Release */ = {
			isa = XCBuildConfiguration;
			buildSettings = {
				ALWAYS_SEARCH_USER_PATHS = NO;
				CLANG_CXX_LANGUAGE_STANDARD = "gnu++0x";
				CLANG_CXX_LIBRARY = "libc++";
				CLANG_ENABLE_MODULES = YES;
				CLANG_ENABLE_OBJC_ARC = YES;
				CLANG_WARN_BOOL_CONVERSION = YES;
				CLANG_WARN_CONSTANT_CONVERSION = YES;
				CLANG_WARN_DIRECT_OBJC_ISA_USAGE = YES_ERROR;
				CLANG_WARN_EMPTY_BODY = YES;
				CLANG_WARN_ENUM_CONVERSION = YES;
				CLANG_WARN_INT_CONVERSION = YES;
				CLANG_WARN_OBJC_ROOT_CLASS = YES_ERROR;
				CLANG_WARN_UNREACHABLE_CODE = YES;
				CLANG_WARN__DUPLICATE_METHOD_MATCH = YES;
				"CODE_SIGN_IDENTITY[sdk=iphoneos*]" = "iPhone Developer";
				COPY_PHASE_STRIP = NO;
				DEBUG_INFORMATION_FORMAT = "dwarf-with-dsym";
				ENABLE_NS_ASSERTIONS = NO;
				ENABLE_STRICT_OBJC_MSGSEND = YES;
				GCC_C_LANGUAGE_STANDARD = gnu99;
				GCC_NO_COMMON_BLOCKS = YES;
				GCC_WARN_64_TO_32_BIT_CONVERSION = YES;
				GCC_WARN_ABOUT_RETURN_TYPE = YES_ERROR;
				GCC_WARN_UNDECLARED_SELECTOR = YES;
				GCC_WARN_UNINITIALIZED_AUTOS = YES_AGGRESSIVE;
				GCC_WARN_UNUSED_FUNCTION = YES;
				GCC_WARN_UNUSED_VARIABLE = YES;
				IPHONEOS_DEPLOYMENT_TARGET = 8.3;
				MTL_ENABLE_DEBUG_INFO = NO;
				SDKROOT = iphoneos;
				TARGETED_DEVICE_FAMILY = "1,2";
				VALIDATE_PRODUCT = YES;
			};
			name = Release;
		};
		619537721B3C4C8500390AAE /* Debug */ = {
			isa = XCBuildConfiguration;
			buildSettings = {
				ASSETCATALOG_COMPILER_APPICON_NAME = AppIcon;
				INFOPLIST_FILE = Pitcher/Info.plist;
				LD_RUNPATH_SEARCH_PATHS = "$(inherited) @executable_path/Frameworks";
				PRODUCT_NAME = "$(TARGET_NAME)";
			};
			name = Debug;
		};
		619537731B3C4C8500390AAE /* Release */ = {
			isa = XCBuildConfiguration;
			buildSettings = {
				ASSETCATALOG_COMPILER_APPICON_NAME = AppIcon;
				INFOPLIST_FILE = Pitcher/Info.plist;
				LD_RUNPATH_SEARCH_PATHS = "$(inherited) @executable_path/Frameworks";
				PRODUCT_NAME = "$(TARGET_NAME)";
			};
			name = Release;
		};
		619537751B3C4C8500390AAE /* Debug */ = {
			isa = XCBuildConfiguration;
			buildSettings = {
				BUNDLE_LOADER = "$(TEST_HOST)";
				FRAMEWORK_SEARCH_PATHS = (
					"$(SDKROOT)/Developer/Library/Frameworks",
					"$(inherited)",
				);
				GCC_PREPROCESSOR_DEFINITIONS = (
					"DEBUG=1",
					"$(inherited)",
				);
				INFOPLIST_FILE = PitcherTests/Info.plist;
				LD_RUNPATH_SEARCH_PATHS = "$(inherited) @executable_path/Frameworks @loader_path/Frameworks";
				PRODUCT_NAME = "$(TARGET_NAME)";
				TEST_HOST = "$(BUILT_PRODUCTS_DIR)/Pitcher.app/Pitcher";
			};
			name = Debug;
		};
		619537761B3C4C8500390AAE /* Release */ = {
			isa = XCBuildConfiguration;
			buildSettings = {
				BUNDLE_LOADER = "$(TEST_HOST)";
				FRAMEWORK_SEARCH_PATHS = (
					"$(SDKROOT)/Developer/Library/Frameworks",
					"$(inherited)",
				);
				INFOPLIST_FILE = PitcherTests/Info.plist;
				LD_RUNPATH_SEARCH_PATHS = "$(inherited) @executable_path/Frameworks @loader_path/Frameworks";
				PRODUCT_NAME = "$(TARGET_NAME)";
				TEST_HOST = "$(BUILT_PRODUCTS_DIR)/Pitcher.app/Pitcher";
			};
			name = Release;
		};
/* End XCBuildConfiguration section */

/* Begin XCConfigurationList section */
		619537491B3C4C8500390AAE /* Build configuration list for PBXProject "Pitcher" */ = {
			isa = XCConfigurationList;
			buildConfigurations = (
				6195376F1B3C4C8500390AAE /* Debug */,
				619537701B3C4C8500390AAE /* Release */,
			);
			defaultConfigurationIsVisible = 0;
			defaultConfigurationName = Release;
		};
		619537711B3C4C8500390AAE /* Build configuration list for PBXNativeTarget "Pitcher" */ = {
			isa = XCConfigurationList;
			buildConfigurations = (
				619537721B3C4C8500390AAE /* Debug */,
				619537731B3C4C8500390AAE /* Release */,
			);
			defaultConfigurationIsVisible = 0;
		};
		619537741B3C4C8500390AAE /* Build configuration list for PBXNativeTarget "PitcherTests" */ = {
			isa = XCConfigurationList;
			buildConfigurations = (
				619537751B3C4C8500390AAE /* Debug */,
				619537761B3C4C8500390AAE /* Release */,
			);
			defaultConfigurationIsVisible = 0;
		};
/* End XCConfigurationList section */
	};
	rootObject = 619537461B3C4C8500390AAE /* Project object */;
}
