// !$*UTF8*$!
{
	archiveVersion = 1;
	classes = {
	};
	objectVersion = 46;
	objects = {

/* Begin PBXBuildFile section */
		6123570F1D6477510084FFA3 /* CoinView.swift in Sources */ = {isa = PBXBuildFile; fileRef = 6123570E1D6477510084FFA3 /* CoinView.swift */; };
		612609181D64471500915309 /* levels.json in Resources */ = {isa = PBXBuildFile; fileRef = 612609171D64471500915309 /* levels.json */; };
		613511B81B497CF800223379 /* KeyboardViewDelegate.swift in Sources */ = {isa = PBXBuildFile; fileRef = 613511B71B497CF800223379 /* KeyboardViewDelegate.swift */; };
		613511BA1B497D2100223379 /* AnswerButton.swift in Sources */ = {isa = PBXBuildFile; fileRef = 613511B91B497D2100223379 /* AnswerButton.swift */; };
		6161591C1B497A8E00D280A7 /* LevelViewController.swift in Sources */ = {isa = PBXBuildFile; fileRef = 6161591B1B497A8E00D280A7 /* LevelViewController.swift */; };
		6161591E1B497AA800D280A7 /* KeyButton.swift in Sources */ = {isa = PBXBuildFile; fileRef = 6161591D1B497AA800D280A7 /* KeyButton.swift */; };
		616159201B497AB600D280A7 /* KeyboardView.swift in Sources */ = {isa = PBXBuildFile; fileRef = 6161591F1B497AB600D280A7 /* KeyboardView.swift */; };
		618112211B4C7620009F2B39 /* UIView+Toast.m in Sources */ = {isa = PBXBuildFile; fileRef = 618112201B4C7620009F2B39 /* UIView+Toast.m */; };
		619537541B3C4C8500390AAE /* AppDelegate.swift in Sources */ = {isa = PBXBuildFile; fileRef = 619537531B3C4C8500390AAE /* AppDelegate.swift */; };
		619537561B3C4C8500390AAE /* RootViewController.swift in Sources */ = {isa = PBXBuildFile; fileRef = 619537551B3C4C8500390AAE /* RootViewController.swift */; };
		619537581B3C4C8500390AAE /* ListViewController.swift in Sources */ = {isa = PBXBuildFile; fileRef = 619537571B3C4C8500390AAE /* ListViewController.swift */; };
		6195375A1B3C4C8500390AAE /* ModelController.swift in Sources */ = {isa = PBXBuildFile; fileRef = 619537591B3C4C8500390AAE /* ModelController.swift */; };
		6195375D1B3C4C8500390AAE /* Main.storyboard in Resources */ = {isa = PBXBuildFile; fileRef = 6195375B1B3C4C8500390AAE /* Main.storyboard */; };
		6195375F1B3C4C8500390AAE /* Images.xcassets in Resources */ = {isa = PBXBuildFile; fileRef = 6195375E1B3C4C8500390AAE /* Images.xcassets */; };
		619537621B3C4C8500390AAE /* LaunchScreen.xib in Resources */ = {isa = PBXBuildFile; fileRef = 619537601B3C4C8500390AAE /* LaunchScreen.xib */; };
		6195376E1B3C4C8500390AAE /* PitcherTests.swift in Sources */ = {isa = PBXBuildFile; fileRef = 6195376D1B3C4C8500390AAE /* PitcherTests.swift */; };
		619537781B3C5E7000390AAE /* ScrollViewDelegate.swift in Sources */ = {isa = PBXBuildFile; fileRef = 619537771B3C5E7000390AAE /* ScrollViewDelegate.swift */; };
		6195377A1B3C678D00390AAE /* SizeConvertor.swift in Sources */ = {isa = PBXBuildFile; fileRef = 619537791B3C678D00390AAE /* SizeConvertor.swift */; };
		619DF5811B3C6C4000F5F153 /* LevelData.swift in Sources */ = {isa = PBXBuildFile; fileRef = 619DF5801B3C6C4000F5F153 /* LevelData.swift */; };
		619DF5831B3C6E6000F5F153 /* LevelManager.swift in Sources */ = {isa = PBXBuildFile; fileRef = 619DF5821B3C6E6000F5F153 /* LevelManager.swift */; };
		61A20F221B48B2E3003A3807 /* SliderView.swift in Sources */ = {isa = PBXBuildFile; fileRef = 61A20F211B48B2E3003A3807 /* SliderView.swift */; };
		61C6EC901B4B4D69005CFDAB /* KeyButtonDelegate.swift in Sources */ = {isa = PBXBuildFile; fileRef = 61C6EC8F1B4B4D69005CFDAB /* KeyButtonDelegate.swift */; };
		61C90C5C1B46D1270004F23E /* UIImage+ResizeMagick.m in Sources */ = {isa = PBXBuildFile; fileRef = 61C90C5B1B46D1270004F23E /* UIImage+ResizeMagick.m */; };
		61CBB9411B44258100AB2CCF /* ImageManager.swift in Sources */ = {isa = PBXBuildFile; fileRef = 61CBB9401B44258100AB2CCF /* ImageManager.swift */; };
		CB699E89EF862056ABCE41F0 /* Pods_Pitcher.framework in Frameworks */ = {isa = PBXBuildFile; fileRef = C0392849C01B89B74903BC8E /* Pods_Pitcher.framework */; };
/* End PBXBuildFile section */

/* Begin PBXContainerItemProxy section */
		619537681B3C4C8500390AAE /* PBXContainerItemProxy */ = {
			isa = PBXContainerItemProxy;
			containerPortal = 619537461B3C4C8500390AAE /* Project object */;
			proxyType = 1;
			remoteGlobalIDString = 6195374D1B3C4C8500390AAE;
			remoteInfo = Pitcher;
		};
/* End PBXContainerItemProxy section */

/* Begin PBXFileReference section */
		6123570E1D6477510084FFA3 /* CoinView.swift */ = {isa = PBXFileReference; fileEncoding = 4; lastKnownFileType = sourcecode.swift; path = CoinView.swift; sourceTree = "<group>"; };
		612609161D64444D00915309 /* MyPlayground.playground */ = {isa = PBXFileReference; lastKnownFileType = file.playground; path = MyPlayground.playground; sourceTree = "<group>"; };
		612609171D64471500915309 /* levels.json */ = {isa = PBXFileReference; fileEncoding = 4; lastKnownFileType = text.json; path = levels.json; sourceTree = "<group>"; };
		613511B71B497CF800223379 /* KeyboardViewDelegate.swift */ = {isa = PBXFileReference; fileEncoding = 4; lastKnownFileType = sourcecode.swift; path = KeyboardViewDelegate.swift; sourceTree = "<group>"; };
		613511B91B497D2100223379 /* AnswerButton.swift */ = {isa = PBXFileReference; fileEncoding = 4; lastKnownFileType = sourcecode.swift; path = AnswerButton.swift; sourceTree = "<group>"; };
		6161591B1B497A8E00D280A7 /* LevelViewController.swift */ = {isa = PBXFileReference; fileEncoding = 4; lastKnownFileType = sourcecode.swift; path = LevelViewController.swift; sourceTree = "<group>"; };
		6161591D1B497AA800D280A7 /* KeyButton.swift */ = {isa = PBXFileReference; fileEncoding = 4; lastKnownFileType = sourcecode.swift; path = KeyButton.swift; sourceTree = "<group>"; };
		6161591F1B497AB600D280A7 /* KeyboardView.swift */ = {isa = PBXFileReference; fileEncoding = 4; lastKnownFileType = sourcecode.swift; path = KeyboardView.swift; sourceTree = "<group>"; };
		6181121F1B4C7620009F2B39 /* UIView+Toast.h */ = {isa = PBXFileReference; fileEncoding = 4; lastKnownFileType = sourcecode.c.h; path = "UIView+Toast.h"; sourceTree = "<group>"; };
		618112201B4C7620009F2B39 /* UIView+Toast.m */ = {isa = PBXFileReference; fileEncoding = 4; lastKnownFileType = sourcecode.c.objc; path = "UIView+Toast.m"; sourceTree = "<group>"; };
		6195374E1B3C4C8500390AAE /* Pitcher.app */ = {isa = PBXFileReference; explicitFileType = wrapper.application; includeInIndex = 0; path = Pitcher.app; sourceTree = BUILT_PRODUCTS_DIR; };
		619537521B3C4C8500390AAE /* Info.plist */ = {isa = PBXFileReference; lastKnownFileType = text.plist.xml; path = Info.plist; sourceTree = "<group>"; };
		619537531B3C4C8500390AAE /* AppDelegate.swift */ = {isa = PBXFileReference; lastKnownFileType = sourcecode.swift; path = AppDelegate.swift; sourceTree = "<group>"; };
		619537551B3C4C8500390AAE /* RootViewController.swift */ = {isa = PBXFileReference; lastKnownFileType = sourcecode.swift; path = RootViewController.swift; sourceTree = "<group>"; };
		619537571B3C4C8500390AAE /* ListViewController.swift */ = {isa = PBXFileReference; lastKnownFileType = sourcecode.swift; path = ListViewController.swift; sourceTree = "<group>"; };
		619537591B3C4C8500390AAE /* ModelController.swift */ = {isa = PBXFileReference; lastKnownFileType = sourcecode.swift; path = ModelController.swift; sourceTree = "<group>"; };
		6195375C1B3C4C8500390AAE /* Base */ = {isa = PBXFileReference; lastKnownFileType = file.storyboard; name = Base; path = Base.lproj/Main.storyboard; sourceTree = "<group>"; };
		6195375E1B3C4C8500390AAE /* Images.xcassets */ = {isa = PBXFileReference; lastKnownFileType = folder.assetcatalog; path = Images.xcassets; sourceTree = "<group>"; };
		619537611B3C4C8500390AAE /* Base */ = {isa = PBXFileReference; lastKnownFileType = file.xib; name = Base; path = Base.lproj/LaunchScreen.xib; sourceTree = "<group>"; };
		619537671B3C4C8500390AAE /* PitcherTests.xctest */ = {isa = PBXFileReference; explicitFileType = wrapper.cfbundle; includeInIndex = 0; path = PitcherTests.xctest; sourceTree = BUILT_PRODUCTS_DIR; };
		6195376C1B3C4C8500390AAE /* Info.plist */ = {isa = PBXFileReference; lastKnownFileType = text.plist.xml; path = Info.plist; sourceTree = "<group>"; };
		6195376D1B3C4C8500390AAE /* PitcherTests.swift */ = {isa = PBXFileReference; lastKnownFileType = sourcecode.swift; path = PitcherTests.swift; sourceTree = "<group>"; };
		619537771B3C5E7000390AAE /* ScrollViewDelegate.swift */ = {isa = PBXFileReference; fileEncoding = 4; lastKnownFileType = sourcecode.swift; path = ScrollViewDelegate.swift; sourceTree = "<group>"; };
		619537791B3C678D00390AAE /* SizeConvertor.swift */ = {isa = PBXFileReference; fileEncoding = 4; lastKnownFileType = sourcecode.swift; path = SizeConvertor.swift; sourceTree = "<group>"; };
		619DF5801B3C6C4000F5F153 /* LevelData.swift */ = {isa = PBXFileReference; fileEncoding = 4; lastKnownFileType = sourcecode.swift; path = LevelData.swift; sourceTree = "<group>"; };
		619DF5821B3C6E6000F5F153 /* LevelManager.swift */ = {isa = PBXFileReference; fileEncoding = 4; lastKnownFileType = sourcecode.swift; path = LevelManager.swift; sourceTree = "<group>"; };
		61A20F211B48B2E3003A3807 /* SliderView.swift */ = {isa = PBXFileReference; fileEncoding = 4; lastKnownFileType = sourcecode.swift; path = SliderView.swift; sourceTree = "<group>"; };
		61C6EC8F1B4B4D69005CFDAB /* KeyButtonDelegate.swift */ = {isa = PBXFileReference; fileEncoding = 4; lastKnownFileType = sourcecode.swift; path = KeyButtonDelegate.swift; sourceTree = "<group>"; };
		61C90C591B46D1260004F23E /* Pitcher-Bridging-Header.h */ = {isa = PBXFileReference; lastKnownFileType = sourcecode.c.h; path = "Pitcher-Bridging-Header.h"; sourceTree = "<group>"; };
		61C90C5A1B46D1270004F23E /* UIImage+ResizeMagick.h */ = {isa = PBXFileReference; fileEncoding = 4; lastKnownFileType = sourcecode.c.h; path = "UIImage+ResizeMagick.h"; sourceTree = "<group>"; };
		61C90C5B1B46D1270004F23E /* UIImage+ResizeMagick.m */ = {isa = PBXFileReference; fileEncoding = 4; lastKnownFileType = sourcecode.c.objc; path = "UIImage+ResizeMagick.m"; sourceTree = "<group>"; };
		61CBB9401B44258100AB2CCF /* ImageManager.swift */ = {isa = PBXFileReference; fileEncoding = 4; lastKnownFileType = sourcecode.swift; path = ImageManager.swift; sourceTree = "<group>"; };
		C0392849C01B89B74903BC8E /* Pods_Pitcher.framework */ = {isa = PBXFileReference; explicitFileType = wrapper.framework; includeInIndex = 0; path = Pods_Pitcher.framework; sourceTree = BUILT_PRODUCTS_DIR; };
		DD00E23D80710E1F6F867C39 /* Pods-Pitcher.release.xcconfig */ = {isa = PBXFileReference; includeInIndex = 1; lastKnownFileType = text.xcconfig; name = "Pods-Pitcher.release.xcconfig"; path = "Pods/Target Support Files/Pods-Pitcher/Pods-Pitcher.release.xcconfig"; sourceTree = "<group>"; };
		F731E515573BCDA1460F3338 /* Pods-Pitcher.debug.xcconfig */ = {isa = PBXFileReference; includeInIndex = 1; lastKnownFileType = text.xcconfig; name = "Pods-Pitcher.debug.xcconfig"; path = "Pods/Target Support Files/Pods-Pitcher/Pods-Pitcher.debug.xcconfig"; sourceTree = "<group>"; };
/* End PBXFileReference section */

/* Begin PBXFrameworksBuildPhase section */
		6195374B1B3C4C8500390AAE /* Frameworks */ = {
			isa = PBXFrameworksBuildPhase;
			buildActionMask = 2147483647;
			files = (
				CB699E89EF862056ABCE41F0 /* Pods_Pitcher.framework in Frameworks */,
			);
			runOnlyForDeploymentPostprocessing = 0;
		};
		619537641B3C4C8500390AAE /* Frameworks */ = {
			isa = PBXFrameworksBuildPhase;
			buildActionMask = 2147483647;
			files = (
			);
			runOnlyForDeploymentPostprocessing = 0;
		};
/* End PBXFrameworksBuildPhase section */

/* Begin PBXGroup section */
		15AC6BBC2610114FF0C944D4 /* Frameworks */ = {
			isa = PBXGroup;
			children = (
				C0392849C01B89B74903BC8E /* Pods_Pitcher.framework */,
			);
			name = Frameworks;
			sourceTree = "<group>";
		};
		18D60263814CEC5D2448499D /* Pods */ = {
			isa = PBXGroup;
			children = (
				F731E515573BCDA1460F3338 /* Pods-Pitcher.debug.xcconfig */,
				DD00E23D80710E1F6F867C39 /* Pods-Pitcher.release.xcconfig */,
			);
			name = Pods;
			sourceTree = "<group>";
		};
		613511B41B497CB600223379 /* Keyboard */ = {
			isa = PBXGroup;
			children = (
				6161591D1B497AA800D280A7 /* KeyButton.swift */,
				6161591F1B497AB600D280A7 /* KeyboardView.swift */,
				613511B71B497CF800223379 /* KeyboardViewDelegate.swift */,
				613511B91B497D2100223379 /* AnswerButton.swift */,
				61C6EC8F1B4B4D69005CFDAB /* KeyButtonDelegate.swift */,
			);
			name = Keyboard;
			sourceTree = "<group>";
		};
		619537451B3C4C8500390AAE = {
			isa = PBXGroup;
			children = (
				619537501B3C4C8500390AAE /* Pitcher */,
				6195376A1B3C4C8500390AAE /* PitcherTests */,
				6195374F1B3C4C8500390AAE /* Products */,
				18D60263814CEC5D2448499D /* Pods */,
				15AC6BBC2610114FF0C944D4 /* Frameworks */,
			);
			sourceTree = "<group>";
		};
		6195374F1B3C4C8500390AAE /* Products */ = {
			isa = PBXGroup;
			children = (
				6195374E1B3C4C8500390AAE /* Pitcher.app */,
				619537671B3C4C8500390AAE /* PitcherTests.xctest */,
			);
			name = Products;
			sourceTree = "<group>";
		};
		619537501B3C4C8500390AAE /* Pitcher */ = {
			isa = PBXGroup;
			children = (
				613511B41B497CB600223379 /* Keyboard */,
				61A20F211B48B2E3003A3807 /* SliderView.swift */,
				619537531B3C4C8500390AAE /* AppDelegate.swift */,
				619537551B3C4C8500390AAE /* RootViewController.swift */,
				619537571B3C4C8500390AAE /* ListViewController.swift */,
				619537591B3C4C8500390AAE /* ModelController.swift */,
				6195375B1B3C4C8500390AAE /* Main.storyboard */,
				6195375E1B3C4C8500390AAE /* Images.xcassets */,
				619537601B3C4C8500390AAE /* LaunchScreen.xib */,
				619537511B3C4C8500390AAE /* Supporting Files */,
				619537771B3C5E7000390AAE /* ScrollViewDelegate.swift */,
				619537791B3C678D00390AAE /* SizeConvertor.swift */,
				619DF5801B3C6C4000F5F153 /* LevelData.swift */,
				619DF5821B3C6E6000F5F153 /* LevelManager.swift */,
				61CBB9401B44258100AB2CCF /* ImageManager.swift */,
				61C90C5A1B46D1270004F23E /* UIImage+ResizeMagick.h */,
				61C90C5B1B46D1270004F23E /* UIImage+ResizeMagick.m */,
				61C90C591B46D1260004F23E /* Pitcher-Bridging-Header.h */,
				6161591B1B497A8E00D280A7 /* LevelViewController.swift */,
				6181121F1B4C7620009F2B39 /* UIView+Toast.h */,
				618112201B4C7620009F2B39 /* UIView+Toast.m */,
				612609161D64444D00915309 /* MyPlayground.playground */,
				612609171D64471500915309 /* levels.json */,
				6123570E1D6477510084FFA3 /* CoinView.swift */,
			);
			path = Pitcher;
			sourceTree = "<group>";
		};
		619537511B3C4C8500390AAE /* Supporting Files */ = {
			isa = PBXGroup;
			children = (
				619537521B3C4C8500390AAE /* Info.plist */,
			);
			name = "Supporting Files";
			sourceTree = "<group>";
		};
		6195376A1B3C4C8500390AAE /* PitcherTests */ = {
			isa = PBXGroup;
			children = (
				6195376D1B3C4C8500390AAE /* PitcherTests.swift */,
				6195376B1B3C4C8500390AAE /* Supporting Files */,
			);
			path = PitcherTests;
			sourceTree = "<group>";
		};
		6195376B1B3C4C8500390AAE /* Supporting Files */ = {
			isa = PBXGroup;
			children = (
				6195376C1B3C4C8500390AAE /* Info.plist */,
			);
			name = "Supporting Files";
			sourceTree = "<group>";
		};
/* End PBXGroup section */

/* Begin PBXNativeTarget section */
		6195374D1B3C4C8500390AAE /* Pitcher */ = {
			isa = PBXNativeTarget;
			buildConfigurationList = 619537711B3C4C8500390AAE /* Build configuration list for PBXNativeTarget "Pitcher" */;
			buildPhases = (
				BD28D4464B9D7D7A9DBC3F22 /* [CP] Check Pods Manifest.lock */,
				6195374A1B3C4C8500390AAE /* Sources */,
				6195374B1B3C4C8500390AAE /* Frameworks */,
				6195374C1B3C4C8500390AAE /* Resources */,
				AB90FFAEB7CDC29505ADCFDB /* [CP] Embed Pods Frameworks */,
				0E493F92E46441C3D3D44DEA /* [CP] Copy Pods Resources */,
			);
			buildRules = (
			);
			dependencies = (
			);
			name = Pitcher;
			productName = Pitcher;
			productReference = 6195374E1B3C4C8500390AAE /* Pitcher.app */;
			productType = "com.apple.product-type.application";
		};
		619537661B3C4C8500390AAE /* PitcherTests */ = {
			isa = PBXNativeTarget;
			buildConfigurationList = 619537741B3C4C8500390AAE /* Build configuration list for PBXNativeTarget "PitcherTests" */;
			buildPhases = (
				619537631B3C4C8500390AAE /* Sources */,
				619537641B3C4C8500390AAE /* Frameworks */,
				619537651B3C4C8500390AAE /* Resources */,
			);
			buildRules = (
			);
			dependencies = (
				619537691B3C4C8500390AAE /* PBXTargetDependency */,
			);
			name = PitcherTests;
			productName = PitcherTests;
			productReference = 619537671B3C4C8500390AAE /* PitcherTests.xctest */;
			productType = "com.apple.product-type.bundle.unit-test";
		};
/* End PBXNativeTarget section */

/* Begin PBXProject section */
		619537461B3C4C8500390AAE /* Project object */ = {
			isa = PBXProject;
			attributes = {
				LastSwiftUpdateCheck = 0710;
				LastUpgradeCheck = 0710;
				ORGANIZATIONNAME = TreeCo;
				TargetAttributes = {
					6195374D1B3C4C8500390AAE = {
						CreatedOnToolsVersion = 6.3;
						DevelopmentTeam = Z39ATFXU5B;
					};
					619537661B3C4C8500390AAE = {
						CreatedOnToolsVersion = 6.3;
						TestTargetID = 6195374D1B3C4C8500390AAE;
					};
				};
			};
			buildConfigurationList = 619537491B3C4C8500390AAE /* Build configuration list for PBXProject "Pitcher" */;
			compatibilityVersion = "Xcode 3.2";
			developmentRegion = English;
			hasScannedForEncodings = 0;
			knownRegions = (
				en,
				Base,
			);
			mainGroup = 619537451B3C4C8500390AAE;
			productRefGroup = 6195374F1B3C4C8500390AAE /* Products */;
			projectDirPath = "";
			projectRoot = "";
			targets = (
				6195374D1B3C4C8500390AAE /* Pitcher */,
				619537661B3C4C8500390AAE /* PitcherTests */,
			);
		};
/* End PBXProject section */

/* Begin PBXResourcesBuildPhase section */
		6195374C1B3C4C8500390AAE /* Resources */ = {
			isa = PBXResourcesBuildPhase;
			buildActionMask = 2147483647;
			files = (
				6195375D1B3C4C8500390AAE /* Main.storyboard in Resources */,
				619537621B3C4C8500390AAE /* LaunchScreen.xib in Resources */,
				6195375F1B3C4C8500390AAE /* Images.xcassets in Resources */,
				612609181D64471500915309 /* levels.json in Resources */,
			);
			runOnlyForDeploymentPostprocessing = 0;
		};
		619537651B3C4C8500390AAE /* Resources */ = {
			isa = PBXResourcesBuildPhase;
			buildActionMask = 2147483647;
			files = (
			);
			runOnlyForDeploymentPostprocessing = 0;
		};
/* End PBXResourcesBuildPhase section */

/* Begin PBXShellScriptBuildPhase section */
		0E493F92E46441C3D3D44DEA /* [CP] Copy Pods Resources */ = {
			isa = PBXShellScriptBuildPhase;
			buildActionMask = 2147483647;
			files = (
			);
			inputPaths = (
			);
			name = "[CP] Copy Pods Resources";
			outputPaths = (
			);
			runOnlyForDeploymentPostprocessing = 0;
			shellPath = /bin/sh;
			shellScript = "\"${SRCROOT}/Pods/Target Support Files/Pods-Pitcher/Pods-Pitcher-resources.sh\"\n";
			showEnvVarsInLog = 0;
		};
		AB90FFAEB7CDC29505ADCFDB /* [CP] Embed Pods Frameworks */ = {
			isa = PBXShellScriptBuildPhase;
			buildActionMask = 2147483647;
			files = (
			);
			inputPaths = (
			);
			name = "[CP] Embed Pods Frameworks";
			outputPaths = (
			);
			runOnlyForDeploymentPostprocessing = 0;
			shellPath = /bin/sh;
			shellScript = "\"${SRCROOT}/Pods/Target Support Files/Pods-Pitcher/Pods-Pitcher-frameworks.sh\"\n";
			showEnvVarsInLog = 0;
		};
		BD28D4464B9D7D7A9DBC3F22 /* [CP] Check Pods Manifest.lock */ = {
			isa = PBXShellScriptBuildPhase;
			buildActionMask = 2147483647;
			files = (
			);
			inputPaths = (
			);
			name = "[CP] Check Pods Manifest.lock";
			outputPaths = (
			);
			runOnlyForDeploymentPostprocessing = 0;
			shellPath = /bin/sh;
			shellScript = "diff \"${PODS_ROOT}/../Podfile.lock\" \"${PODS_ROOT}/Manifest.lock\" > /dev/null\nif [[ $? != 0 ]] ; then\n    cat << EOM\nerror: The sandbox is not in sync with the Podfile.lock. Run 'pod install' or update your CocoaPods installation.\nEOM\n    exit 1\nfi\n";
			showEnvVarsInLog = 0;
		};
/* End PBXShellScriptBuildPhase section */

/* Begin PBXSourcesBuildPhase section */
		6195374A1B3C4C8500390AAE /* Sources */ = {
			isa = PBXSourcesBuildPhase;
			buildActionMask = 2147483647;
			files = (
				619DF5831B3C6E6000F5F153 /* LevelManager.swift in Sources */,
				613511BA1B497D2100223379 /* AnswerButton.swift in Sources */,
				619537561B3C4C8500390AAE /* RootViewController.swift in Sources */,
				619DF5811B3C6C4000F5F153 /* LevelData.swift in Sources */,
				6161591E1B497AA800D280A7 /* KeyButton.swift in Sources */,
				6161591C1B497A8E00D280A7 /* LevelViewController.swift in Sources */,
				61CBB9411B44258100AB2CCF /* ImageManager.swift in Sources */,
				619537781B3C5E7000390AAE /* ScrollViewDelegate.swift in Sources */,
				6195375A1B3C4C8500390AAE /* ModelController.swift in Sources */,
				613511B81B497CF800223379 /* KeyboardViewDelegate.swift in Sources */,
				61C6EC901B4B4D69005CFDAB /* KeyButtonDelegate.swift in Sources */,
				618112211B4C7620009F2B39 /* UIView+Toast.m in Sources */,
				61A20F221B48B2E3003A3807 /* SliderView.swift in Sources */,
				6123570F1D6477510084FFA3 /* CoinView.swift in Sources */,
				619537581B3C4C8500390AAE /* ListViewController.swift in Sources */,
				61C90C5C1B46D1270004F23E /* UIImage+ResizeMagick.m in Sources */,
				619537541B3C4C8500390AAE /* AppDelegate.swift in Sources */,
				616159201B497AB600D280A7 /* KeyboardView.swift in Sources */,
				6195377A1B3C678D00390AAE /* SizeConvertor.swift in Sources */,
			);
			runOnlyForDeploymentPostprocessing = 0;
		};
		619537631B3C4C8500390AAE /* Sources */ = {
			isa = PBXSourcesBuildPhase;
			buildActionMask = 2147483647;
			files = (
				6195376E1B3C4C8500390AAE /* PitcherTests.swift in Sources */,
			);
			runOnlyForDeploymentPostprocessing = 0;
		};
/* End PBXSourcesBuildPhase section */

/* Begin PBXTargetDependency section */
		619537691B3C4C8500390AAE /* PBXTargetDependency */ = {
			isa = PBXTargetDependency;
			target = 6195374D1B3C4C8500390AAE /* Pitcher */;
			targetProxy = 619537681B3C4C8500390AAE /* PBXContainerItemProxy */;
		};
/* End PBXTargetDependency section */

/* Begin PBXVariantGroup section */
		6195375B1B3C4C8500390AAE /* Main.storyboard */ = {
			isa = PBXVariantGroup;
			children = (
				6195375C1B3C4C8500390AAE /* Base */,
			);
			name = Main.storyboard;
			sourceTree = "<group>";
		};
		619537601B3C4C8500390AAE /* LaunchScreen.xib */ = {
			isa = PBXVariantGroup;
			children = (
				619537611B3C4C8500390AAE /* Base */,
			);
			name = LaunchScreen.xib;
			sourceTree = "<group>";
		};
/* End PBXVariantGroup section */

/* Begin XCBuildConfiguration section */
		6195376F1B3C4C8500390AAE /* Debug */ = {
			isa = XCBuildConfiguration;
			buildSettings = {
				ALWAYS_SEARCH_USER_PATHS = NO;
				CLANG_CXX_LANGUAGE_STANDARD = "gnu++0x";
				CLANG_CXX_LIBRARY = "libc++";
				CLANG_ENABLE_MODULES = YES;
				CLANG_ENABLE_OBJC_ARC = YES;
				CLANG_WARN_BOOL_CONVERSION = YES;
				CLANG_WARN_CONSTANT_CONVERSION = YES;
				CLANG_WARN_DIRECT_OBJC_ISA_USAGE = YES_ERROR;
				CLANG_WARN_EMPTY_BODY = YES;
				CLANG_WARN_ENUM_CONVERSION = YES;
				CLANG_WARN_INT_CONVERSION = YES;
				CLANG_WARN_OBJC_ROOT_CLASS = YES_ERROR;
				CLANG_WARN_UNREACHABLE_CODE = YES;
				CLANG_WARN__DUPLICATE_METHOD_MATCH = YES;
				"CODE_SIGN_IDENTITY[sdk=iphoneos*]" = "iPhone Developer";
				COPY_PHASE_STRIP = NO;
				DEBUG_INFORMATION_FORMAT = "dwarf-with-dsym";
				ENABLE_STRICT_OBJC_MSGSEND = YES;
				ENABLE_TESTABILITY = YES;
				GCC_C_LANGUAGE_STANDARD = gnu99;
				GCC_DYNAMIC_NO_PIC = NO;
				GCC_NO_COMMON_BLOCKS = YES;
				GCC_OPTIMIZATION_LEVEL = 0;
				GCC_PREPROCESSOR_DEFINITIONS = (
					"DEBUG=1",
					"$(inherited)",
				);
				GCC_SYMBOLS_PRIVATE_EXTERN = NO;
				GCC_WARN_64_TO_32_BIT_CONVERSION = YES;
				GCC_WARN_ABOUT_RETURN_TYPE = YES_ERROR;
				GCC_WARN_UNDECLARED_SELECTOR = YES;
				GCC_WARN_UNINITIALIZED_AUTOS = YES_AGGRESSIVE;
				GCC_WARN_UNUSED_FUNCTION = YES;
				GCC_WARN_UNUSED_VARIABLE = YES;
				IPHONEOS_DEPLOYMENT_TARGET = 8.3;
				MTL_ENABLE_DEBUG_INFO = YES;
				ONLY_ACTIVE_ARCH = YES;
				SDKROOT = iphoneos;
				SWIFT_OPTIMIZATION_LEVEL = "-Onone";
				TARGETED_DEVICE_FAMILY = "1,2";
			};
			name = Debug;
		};
		619537701B3C4C8500390AAE /* Release */ = {
			isa = XCBuildConfiguration;
			buildSettings = {
				ALWAYS_SEARCH_USER_PATHS = NO;
				CLANG_CXX_LANGUAGE_STANDARD = "gnu++0x";
				CLANG_CXX_LIBRARY = "libc++";
				CLANG_ENABLE_MODULES = YES;
				CLANG_ENABLE_OBJC_ARC = YES;
				CLANG_WARN_BOOL_CONVERSION = YES;
				CLANG_WARN_CONSTANT_CONVERSION = YES;
				CLANG_WARN_DIRECT_OBJC_ISA_USAGE = YES_ERROR;
				CLANG_WARN_EMPTY_BODY = YES;
				CLANG_WARN_ENUM_CONVERSION = YES;
				CLANG_WARN_INT_CONVERSION = YES;
				CLANG_WARN_OBJC_ROOT_CLASS = YES_ERROR;
				CLANG_WARN_UNREACHABLE_CODE = YES;
				CLANG_WARN__DUPLICATE_METHOD_MATCH = YES;
				"CODE_SIGN_IDENTITY[sdk=iphoneos*]" = "iPhone Developer";
				COPY_PHASE_STRIP = NO;
				DEBUG_INFORMATION_FORMAT = "dwarf-with-dsym";
				ENABLE_NS_ASSERTIONS = NO;
				ENABLE_STRICT_OBJC_MSGSEND = YES;
				GCC_C_LANGUAGE_STANDARD = gnu99;
				GCC_NO_COMMON_BLOCKS = YES;
				GCC_WARN_64_TO_32_BIT_CONVERSION = YES;
				GCC_WARN_ABOUT_RETURN_TYPE = YES_ERROR;
				GCC_WARN_UNDECLARED_SELECTOR = YES;
				GCC_WARN_UNINITIALIZED_AUTOS = YES_AGGRESSIVE;
				GCC_WARN_UNUSED_FUNCTION = YES;
				GCC_WARN_UNUSED_VARIABLE = YES;
				IPHONEOS_DEPLOYMENT_TARGET = 8.3;
				MTL_ENABLE_DEBUG_INFO = NO;
				SDKROOT = iphoneos;
				TARGETED_DEVICE_FAMILY = "1,2";
				VALIDATE_PRODUCT = YES;
			};
			name = Release;
		};
		619537721B3C4C8500390AAE /* Debug */ = {
			isa = XCBuildConfiguration;
			baseConfigurationReference = F731E515573BCDA1460F3338 /* Pods-Pitcher.debug.xcconfig */;
			buildSettings = {
				ASSETCATALOG_COMPILER_APPICON_NAME = AppIcon;
				CLANG_ENABLE_MODULES = YES;
				CODE_SIGN_IDENTITY = "iPhone Developer";
				INFOPLIST_FILE = Pitcher/Info.plist;
				LD_RUNPATH_SEARCH_PATHS = "$(inherited) @executable_path/Frameworks";
				PRODUCT_BUNDLE_IDENTIFIER = "irPulse.$(PRODUCT_NAME:rfc1034identifier)";
				PRODUCT_NAME = "$(TARGET_NAME)";
				SWIFT_OBJC_BRIDGING_HEADER = "Pitcher/Pitcher-Bridging-Header.h";
				SWIFT_OPTIMIZATION_LEVEL = "-Onone";
			};
			name = Debug;
		};
		619537731B3C4C8500390AAE /* Release */ = {
			isa = XCBuildConfiguration;
			baseConfigurationReference = DD00E23D80710E1F6F867C39 /* Pods-Pitcher.release.xcconfig */;
			buildSettings = {
				ASSETCATALOG_COMPILER_APPICON_NAME = AppIcon;
				CLANG_ENABLE_MODULES = YES;
				CODE_SIGN_IDENTITY = "iPhone Developer";
				INFOPLIST_FILE = Pitcher/Info.plist;
				LD_RUNPATH_SEARCH_PATHS = "$(inherited) @executable_path/Frameworks";
				PRODUCT_BUNDLE_IDENTIFIER = "irPulse.$(PRODUCT_NAME:rfc1034identifier)";
				PRODUCT_NAME = "$(TARGET_NAME)";
				SWIFT_OBJC_BRIDGING_HEADER = "Pitcher/Pitcher-Bridging-Header.h";
			};
			name = Release;
		};
		619537751B3C4C8500390AAE /* Debug */ = {
			isa = XCBuildConfiguration;
			buildSettings = {
				BUNDLE_LOADER = "$(TEST_HOST)";
				FRAMEWORK_SEARCH_PATHS = (
					"$(SDKROOT)/Developer/Library/Frameworks",
					"$(inherited)",
				);
				GCC_PREPROCESSOR_DEFINITIONS = (
					"DEBUG=1",
					"$(inherited)",
				);
				INFOPLIST_FILE = PitcherTests/Info.plist;
				LD_RUNPATH_SEARCH_PATHS = "$(inherited) @executable_path/Frameworks @loader_path/Frameworks";
				PRODUCT_BUNDLE_IDENTIFIER = "irPulse.$(PRODUCT_NAME:rfc1034identifier)";
				PRODUCT_NAME = "$(TARGET_NAME)";
				TEST_HOST = "$(BUILT_PRODUCTS_DIR)/Pitcher.app/Pitcher";
			};
			name = Debug;
		};
		619537761B3C4C8500390AAE /* Release */ = {
			isa = XCBuildConfiguration;
			buildSettings = {
				BUNDLE_LOADER = "$(TEST_HOST)";
				FRAMEWORK_SEARCH_PATHS = (
					"$(SDKROOT)/Developer/Library/Frameworks",
					"$(inherited)",
				);
				INFOPLIST_FILE = PitcherTests/Info.plist;
				LD_RUNPATH_SEARCH_PATHS = "$(inherited) @executable_path/Frameworks @loader_path/Frameworks";
				PRODUCT_BUNDLE_IDENTIFIER = "irPulse.$(PRODUCT_NAME:rfc1034identifier)";
				PRODUCT_NAME = "$(TARGET_NAME)";
				TEST_HOST = "$(BUILT_PRODUCTS_DIR)/Pitcher.app/Pitcher";
			};
			name = Release;
		};
/* End XCBuildConfiguration section */

/* Begin XCConfigurationList section */
		619537491B3C4C8500390AAE /* Build configuration list for PBXProject "Pitcher" */ = {
			isa = XCConfigurationList;
			buildConfigurations = (
				6195376F1B3C4C8500390AAE /* Debug */,
				619537701B3C4C8500390AAE /* Release */,
			);
			defaultConfigurationIsVisible = 0;
			defaultConfigurationName = Release;
		};
		619537711B3C4C8500390AAE /* Build configuration list for PBXNativeTarget "Pitcher" */ = {
			isa = XCConfigurationList;
			buildConfigurations = (
				619537721B3C4C8500390AAE /* Debug */,
				619537731B3C4C8500390AAE /* Release */,
			);
			defaultConfigurationIsVisible = 0;
			defaultConfigurationName = Release;
		};
		619537741B3C4C8500390AAE /* Build configuration list for PBXNativeTarget "PitcherTests" */ = {
			isa = XCConfigurationList;
			buildConfigurations = (
				619537751B3C4C8500390AAE /* Debug */,
				619537761B3C4C8500390AAE /* Release */,
			);
			defaultConfigurationIsVisible = 0;
			defaultConfigurationName = Release;
		};
/* End XCConfigurationList section */
	};
	rootObject = 619537461B3C4C8500390AAE /* Project object */;
}
